
Microsoft Visual Studio Solution File, Format Version 12.00
# Visual Studio 2013
VisualStudioVersion = 12.0.30501.0
MinimumVisualStudioVersion = 10.0.40219.1
Project("{FAE04EC0-301F-11D3-BF4B-00C04F79EFBC}") = "Hyper.ComponentModel", "Hyper.ComponentModel\Hyper.ComponentModel.csproj", "{3B8F9EDB-6E5E-450C-ABC2-EC49075D0B50}"
EndProject
Project("{2150E333-8FDC-42A3-9474-1A3956D46DE8}") = ".nuget", ".nuget", "{82742E28-6981-4EB9-97E1-7AA0EE36D5F2}"
	ProjectSection(SolutionItems) = preProject
		.nuget\NuGet.Config = .nuget\NuGet.Config
		.nuget\NuGet.exe = .nuget\NuGet.exe
		.nuget\NuGet.targets = .nuget\NuGet.targets
	EndProjectSection
EndProject
Project("{2150E333-8FDC-42A3-9474-1A3956D46DE8}") = "examples", "examples", "{42DA7FD8-C73C-486C-A753-D2F40A412DB2}"
EndProject
Project("{2150E333-8FDC-42A3-9474-1A3956D46DE8}") = "tests", "tests", "{039ED9B5-88BF-47ED-BFDB-522C3B24B7C5}"
EndProject
Project("{FAE04EC0-301F-11D3-BF4B-00C04F79EFBC}") = "Hyper.ComponentModel.Example", "Hyper.ComponentModel.Example\Hyper.ComponentModel.Example.csproj", "{77094346-EBD5-4D78-B036-C90C6B5B98D8}"
EndProject
Project("{2150E333-8FDC-42A3-9474-1A3956D46DE8}") = "src", "src", "{05676A7C-2D4F-4BF3-8A31-C67648E21E02}"
EndProject
Project("{2150E333-8FDC-42A3-9474-1A3956D46DE8}") = "assets", "assets", "{F115C7FA-0E18-4C6D-A270-1EF743687EDE}"
	ProjectSection(SolutionItems) = preProject
		..\appveyor.yml = ..\appveyor.yml
		..\assets\Hyper.ComponentModel.nuspec = ..\assets\Hyper.ComponentModel.nuspec
		..\assets\Hyper.ComponentModel.Source.nuspec = ..\assets\Hyper.ComponentModel.Source.nuspec
		..\LICENSE = ..\LICENSE
		..\assets\pack.ps1 = ..\assets\pack.ps1
		..\README.md = ..\README.md
	EndProjectSection
EndProject
Project("{2150E333-8FDC-42A3-9474-1A3956D46DE8}") = "build", "build", "{3128F9F7-383F-4829-8C59-B7CD48365968}"
EndProject
Global
	GlobalSection(SolutionConfigurationPlatforms) = preSolution
		Debug|Any CPU = Debug|Any CPU
		Release|Any CPU = Release|Any CPU
	EndGlobalSection
	GlobalSection(ProjectConfigurationPlatforms) = postSolution
		{3B8F9EDB-6E5E-450C-ABC2-EC49075D0B50}.Debug|Any CPU.ActiveCfg = Debug|Any CPU
		{3B8F9EDB-6E5E-450C-ABC2-EC49075D0B50}.Debug|Any CPU.Build.0 = Debug|Any CPU
		{3B8F9EDB-6E5E-450C-ABC2-EC49075D0B50}.Release|Any CPU.ActiveCfg = Release|Any CPU
		{3B8F9EDB-6E5E-450C-ABC2-EC49075D0B50}.Release|Any CPU.Build.0 = Release|Any CPU
		{77094346-EBD5-4D78-B036-C90C6B5B98D8}.Debug|Any CPU.ActiveCfg = Debug|Any CPU
		{77094346-EBD5-4D78-B036-C90C6B5B98D8}.Debug|Any CPU.Build.0 = Debug|Any CPU
		{77094346-EBD5-4D78-B036-C90C6B5B98D8}.Release|Any CPU.ActiveCfg = Release|Any CPU
		{77094346-EBD5-4D78-B036-C90C6B5B98D8}.Release|Any CPU.Build.0 = Release|Any CPU
	EndGlobalSection
	GlobalSection(SolutionProperties) = preSolution
		HideSolutionNode = FALSE
	EndGlobalSection
	GlobalSection(NestedProjects) = preSolution
		{3B8F9EDB-6E5E-450C-ABC2-EC49075D0B50} = {05676A7C-2D4F-4BF3-8A31-C67648E21E02}
		{77094346-EBD5-4D78-B036-C90C6B5B98D8} = {42DA7FD8-C73C-486C-A753-D2F40A412DB2}
	EndGlobalSection
EndGlobal
